
Microsoft Visual Studio Solution File, Format Version 12.00
# Visual Studio Version 16
VisualStudioVersion = 16.0.32126.315
MinimumVisualStudioVersion = 10.0.40219.1
Project("{8BC9CEB8-8B4A-11D0-8D11-00A0C91BC942}") = "Project4", "Project4\Project4.vcxproj", "{7F433F1F-4C3F-4182-A150-482226A8F5AF}"
EndProject
Global
	GlobalSection(SolutionConfigurationPlatforms) = preSolution
		Debug|x64 = Debug|x64
		Debug|x86 = Debug|x86
		Release|x64 = Release|x64
		Release|x86 = Release|x86
	EndGlobalSection
	GlobalSection(ProjectConfigurationPlatforms) = postSolution
		{7F433F1F-4C3F-4182-A150-482226A8F5AF}.Debug|x64.ActiveCfg = Debug|x64
		{7F433F1F-4C3F-4182-A150-482226A8F5AF}.Debug|x64.Build.0 = Debug|x64
		{7F433F1F-4C3F-4182-A150-482226A8F5AF}.Debug|x86.ActiveCfg = Debug|Win32
		{7F433F1F-4C3F-4182-A150-482226A8F5AF}.Debug|x86.Build.0 = Debug|Win32
		{7F433F1F-4C3F-4182-A150-482226A8F5AF}.Release|x64.ActiveCfg = Release|x64
		{7F433F1F-4C3F-4182-A150-482226A8F5AF}.Release|x64.Build.0 = Release|x64
		{7F433F1F-4C3F-4182-A150-482226A8F5AF}.Release|x86.ActiveCfg = Release|Win32
		{7F433F1F-4C3F-4182-A150-482226A8F5AF}.Release|x86.Build.0 = Release|Win32
	EndGlobalSection
	GlobalSection(SolutionProperties) = preSolution
		HideSolutionNode = FALSE
	EndGlobalSection
	GlobalSection(ExtensibilityGlobals) = postSolution
		SolutionGuid = {460C6C96-93CD-40A8-9351-876FC3E0A466}
	EndGlobalSection
EndGlobal
